// !$*UTF8*$!
{
	archiveVersion = 1;
	classes = {
	};
	objectVersion = 56;
	objects = {

/* Begin PBXBuildFile section */
		CF9FA7DB2912B64300D12CA7 /* ColorConstant.swift in Sources */ = {isa = PBXBuildFile; fileRef = CF9FA7DA2912B64300D12CA7 /* ColorConstant.swift */; };
		CF9FA7DD2912EFA700D12CA7 /* LaunchScreen.storyboard in Resources */ = {isa = PBXBuildFile; fileRef = CF9FA7DC2912EFA700D12CA7 /* LaunchScreen.storyboard */; };
		CFAD7D2529125970004EDE3A /* TokenVO.swift in Sources */ = {isa = PBXBuildFile; fileRef = CFAD7D2429125970004EDE3A /* TokenVO.swift */; };
		CFAD7D2729125A6D004EDE3A /* ProfileVO.swift in Sources */ = {isa = PBXBuildFile; fileRef = CFAD7D2629125A6D004EDE3A /* ProfileVO.swift */; };
		CFAD7D2A29125F3F004EDE3A /* HTTPMethod.swift in Sources */ = {isa = PBXBuildFile; fileRef = CFAD7D2929125F3F004EDE3A /* HTTPMethod.swift */; };
		CFAD7D2C29128058004EDE3A /* SignupViewController.swift in Sources */ = {isa = PBXBuildFile; fileRef = CFAD7D2B29128058004EDE3A /* SignupViewController.swift */; };
		CFAD7D2E29128067004EDE3A /* SignupView.swift in Sources */ = {isa = PBXBuildFile; fileRef = CFAD7D2D29128067004EDE3A /* SignupView.swift */; };
		CFAD7D31291280A4004EDE3A /* SnapKit in Frameworks */ = {isa = PBXBuildFile; productRef = CFAD7D30291280A4004EDE3A /* SnapKit */; };
		CFAD7D3529128247004EDE3A /* BaseViewController.swift in Sources */ = {isa = PBXBuildFile; fileRef = CFAD7D3429128247004EDE3A /* BaseViewController.swift */; };
		CFAD7D37291283A3004EDE3A /* BaseView.swift in Sources */ = {isa = PBXBuildFile; fileRef = CFAD7D36291283A3004EDE3A /* BaseView.swift */; };
		CFAD7D3C2912AC57004EDE3A /* RxCocoa in Frameworks */ = {isa = PBXBuildFile; productRef = CFAD7D3B2912AC57004EDE3A /* RxCocoa */; };
		CFAD7D3E2912AC57004EDE3A /* RxSwift in Frameworks */ = {isa = PBXBuildFile; productRef = CFAD7D3D2912AC57004EDE3A /* RxSwift */; };
		CFAD7D402912ACA3004EDE3A /* LoginView.swift in Sources */ = {isa = PBXBuildFile; fileRef = CFAD7D3F2912ACA3004EDE3A /* LoginView.swift */; };
		CFAD7D422912ACB3004EDE3A /* LoginViewController.swift in Sources */ = {isa = PBXBuildFile; fileRef = CFAD7D412912ACB3004EDE3A /* LoginViewController.swift */; };
		CFAD7D442912AE22004EDE3A /* profileView.swift in Sources */ = {isa = PBXBuildFile; fileRef = CFAD7D432912AE22004EDE3A /* profileView.swift */; };
		CFAD7D462912AE30004EDE3A /* ProfileViewController.swift in Sources */ = {isa = PBXBuildFile; fileRef = CFAD7D452912AE30004EDE3A /* ProfileViewController.swift */; };
		CFAD7D4B2912AF11004EDE3A /* SignupViewModel.swift in Sources */ = {isa = PBXBuildFile; fileRef = CFAD7D4A2912AF11004EDE3A /* SignupViewModel.swift */; };
		CFAD7D4D2912AF49004EDE3A /* ViewModelType.swift in Sources */ = {isa = PBXBuildFile; fileRef = CFAD7D4C2912AF49004EDE3A /* ViewModelType.swift */; };
		CFAD7D502912B04D004EDE3A /* SignupUseCase.swift in Sources */ = {isa = PBXBuildFile; fileRef = CFAD7D4F2912B04D004EDE3A /* SignupUseCase.swift */; };
		CFE9549B2914119B00591FC9 /* HTTPHeader.swift in Sources */ = {isa = PBXBuildFile; fileRef = CFE9549A2914119B00591FC9 /* HTTPHeader.swift */; };
		CFE9549D291423C400591FC9 /* UserDefaultsKey.swift in Sources */ = {isa = PBXBuildFile; fileRef = CFE9549C291423C400591FC9 /* UserDefaultsKey.swift */; };
		CFE9549F291433E100591FC9 /* LoginViewModel.swift in Sources */ = {isa = PBXBuildFile; fileRef = CFE9549E291433E100591FC9 /* LoginViewModel.swift */; };
		CFE954A1291568C300591FC9 /* LoginUseCase.swift in Sources */ = {isa = PBXBuildFile; fileRef = CFE954A0291568C300591FC9 /* LoginUseCase.swift */; };
		CFE954A3291568E800591FC9 /* SignupValidationState.swift in Sources */ = {isa = PBXBuildFile; fileRef = CFE954A2291568E800591FC9 /* SignupValidationState.swift */; };
		CFE954A72915A6D900591FC9 /* Toast in Frameworks */ = {isa = PBXBuildFile; productRef = CFE954A62915A6D900591FC9 /* Toast */; };
		CFF7221E291244B300FB0647 /* AppDelegate.swift in Sources */ = {isa = PBXBuildFile; fileRef = CFF7221D291244B300FB0647 /* AppDelegate.swift */; };
		CFF72220291244B300FB0647 /* SceneDelegate.swift in Sources */ = {isa = PBXBuildFile; fileRef = CFF7221F291244B300FB0647 /* SceneDelegate.swift */; };
		CFF72227291244B400FB0647 /* Assets.xcassets in Resources */ = {isa = PBXBuildFile; fileRef = CFF72226291244B400FB0647 /* Assets.xcassets */; };
		CFF722382912471D00FB0647 /* APIService.swift in Sources */ = {isa = PBXBuildFile; fileRef = CFF722372912471D00FB0647 /* APIService.swift */; };
		CFF7223B2912473E00FB0647 /* Endpoint.swift in Sources */ = {isa = PBXBuildFile; fileRef = CFF7223A2912473E00FB0647 /* Endpoint.swift */; };
/* End PBXBuildFile section */

/* Begin PBXFileReference section */
		CF9FA7DA2912B64300D12CA7 /* ColorConstant.swift */ = {isa = PBXFileReference; lastKnownFileType = sourcecode.swift; path = ColorConstant.swift; sourceTree = "<group>"; };
		CF9FA7DC2912EFA700D12CA7 /* LaunchScreen.storyboard */ = {isa = PBXFileReference; fileEncoding = 4; lastKnownFileType = file.storyboard; path = LaunchScreen.storyboard; sourceTree = "<group>"; };
		CFAD7D2429125970004EDE3A /* TokenVO.swift */ = {isa = PBXFileReference; lastKnownFileType = sourcecode.swift; path = TokenVO.swift; sourceTree = "<group>"; };
		CFAD7D2629125A6D004EDE3A /* ProfileVO.swift */ = {isa = PBXFileReference; lastKnownFileType = sourcecode.swift; path = ProfileVO.swift; sourceTree = "<group>"; };
		CFAD7D2929125F3F004EDE3A /* HTTPMethod.swift */ = {isa = PBXFileReference; lastKnownFileType = sourcecode.swift; path = HTTPMethod.swift; sourceTree = "<group>"; };
		CFAD7D2B29128058004EDE3A /* SignupViewController.swift */ = {isa = PBXFileReference; lastKnownFileType = sourcecode.swift; path = SignupViewController.swift; sourceTree = "<group>"; };
		CFAD7D2D29128067004EDE3A /* SignupView.swift */ = {isa = PBXFileReference; lastKnownFileType = sourcecode.swift; path = SignupView.swift; sourceTree = "<group>"; };
		CFAD7D3429128247004EDE3A /* BaseViewController.swift */ = {isa = PBXFileReference; lastKnownFileType = sourcecode.swift; path = BaseViewController.swift; sourceTree = "<group>"; };
		CFAD7D36291283A3004EDE3A /* BaseView.swift */ = {isa = PBXFileReference; lastKnownFileType = sourcecode.swift; path = BaseView.swift; sourceTree = "<group>"; };
		CFAD7D3F2912ACA3004EDE3A /* LoginView.swift */ = {isa = PBXFileReference; lastKnownFileType = sourcecode.swift; path = LoginView.swift; sourceTree = "<group>"; };
		CFAD7D412912ACB3004EDE3A /* LoginViewController.swift */ = {isa = PBXFileReference; lastKnownFileType = sourcecode.swift; path = LoginViewController.swift; sourceTree = "<group>"; };
		CFAD7D432912AE22004EDE3A /* profileView.swift */ = {isa = PBXFileReference; lastKnownFileType = sourcecode.swift; path = profileView.swift; sourceTree = "<group>"; };
		CFAD7D452912AE30004EDE3A /* ProfileViewController.swift */ = {isa = PBXFileReference; lastKnownFileType = sourcecode.swift; path = ProfileViewController.swift; sourceTree = "<group>"; };
		CFAD7D4A2912AF11004EDE3A /* SignupViewModel.swift */ = {isa = PBXFileReference; lastKnownFileType = sourcecode.swift; path = SignupViewModel.swift; sourceTree = "<group>"; };
		CFAD7D4C2912AF49004EDE3A /* ViewModelType.swift */ = {isa = PBXFileReference; lastKnownFileType = sourcecode.swift; path = ViewModelType.swift; sourceTree = "<group>"; };
		CFAD7D4F2912B04D004EDE3A /* SignupUseCase.swift */ = {isa = PBXFileReference; lastKnownFileType = sourcecode.swift; path = SignupUseCase.swift; sourceTree = "<group>"; };
		CFE954972913698D00591FC9 /* ReadME.md */ = {isa = PBXFileReference; lastKnownFileType = net.daringfireball.markdown; path = ReadME.md; sourceTree = "<group>"; };
		CFE9549A2914119B00591FC9 /* HTTPHeader.swift */ = {isa = PBXFileReference; lastKnownFileType = sourcecode.swift; path = HTTPHeader.swift; sourceTree = "<group>"; };
		CFE9549C291423C400591FC9 /* UserDefaultsKey.swift */ = {isa = PBXFileReference; lastKnownFileType = sourcecode.swift; path = UserDefaultsKey.swift; sourceTree = "<group>"; };
		CFE9549E291433E100591FC9 /* LoginViewModel.swift */ = {isa = PBXFileReference; lastKnownFileType = sourcecode.swift; path = LoginViewModel.swift; sourceTree = "<group>"; };
		CFE954A0291568C300591FC9 /* LoginUseCase.swift */ = {isa = PBXFileReference; lastKnownFileType = sourcecode.swift; path = LoginUseCase.swift; sourceTree = "<group>"; };
		CFE954A2291568E800591FC9 /* SignupValidationState.swift */ = {isa = PBXFileReference; lastKnownFileType = sourcecode.swift; path = SignupValidationState.swift; sourceTree = "<group>"; };
		CFF7221A291244B300FB0647 /* RxLoginValidataion.app */ = {isa = PBXFileReference; explicitFileType = wrapper.application; includeInIndex = 0; path = RxLoginValidataion.app; sourceTree = BUILT_PRODUCTS_DIR; };
		CFF7221D291244B300FB0647 /* AppDelegate.swift */ = {isa = PBXFileReference; lastKnownFileType = sourcecode.swift; path = AppDelegate.swift; sourceTree = "<group>"; };
		CFF7221F291244B300FB0647 /* SceneDelegate.swift */ = {isa = PBXFileReference; lastKnownFileType = sourcecode.swift; path = SceneDelegate.swift; sourceTree = "<group>"; };
		CFF72226291244B400FB0647 /* Assets.xcassets */ = {isa = PBXFileReference; lastKnownFileType = folder.assetcatalog; path = Assets.xcassets; sourceTree = "<group>"; };
		CFF7222B291244B400FB0647 /* Info.plist */ = {isa = PBXFileReference; lastKnownFileType = text.plist.xml; path = Info.plist; sourceTree = "<group>"; };
		CFF722372912471D00FB0647 /* APIService.swift */ = {isa = PBXFileReference; lastKnownFileType = sourcecode.swift; path = APIService.swift; sourceTree = "<group>"; };
		CFF7223A2912473E00FB0647 /* Endpoint.swift */ = {isa = PBXFileReference; lastKnownFileType = sourcecode.swift; path = Endpoint.swift; sourceTree = "<group>"; };
/* End PBXFileReference section */

/* Begin PBXFrameworksBuildPhase section */
		CFF72217291244B300FB0647 /* Frameworks */ = {
			isa = PBXFrameworksBuildPhase;
			buildActionMask = 2147483647;
			files = (
				CFE954A72915A6D900591FC9 /* Toast in Frameworks */,
				CFAD7D3E2912AC57004EDE3A /* RxSwift in Frameworks */,
				CFAD7D3C2912AC57004EDE3A /* RxCocoa in Frameworks */,
				CFAD7D31291280A4004EDE3A /* SnapKit in Frameworks */,
			);
			runOnlyForDeploymentPostprocessing = 0;
		};
/* End PBXFrameworksBuildPhase section */

/* Begin PBXGroup section */
		CF9FA7D92912B62600D12CA7 /* Constants */ = {
			isa = PBXGroup;
			children = (
				CF9FA7DA2912B64300D12CA7 /* ColorConstant.swift */,
				CFE9549C291423C400591FC9 /* UserDefaultsKey.swift */,
			);
			path = Constants;
			sourceTree = "<group>";
		};
		CFAD7D2329125294004EDE3A /* Entities */ = {
			isa = PBXGroup;
			children = (
				CFAD7D2429125970004EDE3A /* TokenVO.swift */,
				CFAD7D2629125A6D004EDE3A /* ProfileVO.swift */,
			);
			path = Entities;
			sourceTree = "<group>";
		};
		CFAD7D2829125F1A004EDE3A /* Utility */ = {
			isa = PBXGroup;
			children = (
				CFE9549929140EF800591FC9 /* Network */,
				CF9FA7D92912B62600D12CA7 /* Constants */,
				CFAD7D3229128168004EDE3A /* Base */,
			);
			path = Utility;
			sourceTree = "<group>";
		};
		CFAD7D3229128168004EDE3A /* Base */ = {
			isa = PBXGroup;
			children = (
				CFAD7D3429128247004EDE3A /* BaseViewController.swift */,
				CFAD7D36291283A3004EDE3A /* BaseView.swift */,
			);
			path = Base;
			sourceTree = "<group>";
		};
		CFAD7D3329128229004EDE3A /* Login */ = {
			isa = PBXGroup;
			children = (
				CFAD7D3F2912ACA3004EDE3A /* LoginView.swift */,
				CFAD7D412912ACB3004EDE3A /* LoginViewController.swift */,
			);
			path = Login;
			sourceTree = "<group>";
		};
		CFAD7D382912AB31004EDE3A /* Signup */ = {
			isa = PBXGroup;
			children = (
				CFAD7D2D29128067004EDE3A /* SignupView.swift */,
				CFAD7D2B29128058004EDE3A /* SignupViewController.swift */,
			);
			path = Signup;
			sourceTree = "<group>";
		};
		CFAD7D392912AB4F004EDE3A /* Profile */ = {
			isa = PBXGroup;
			children = (
				CFAD7D432912AE22004EDE3A /* profileView.swift */,
				CFAD7D452912AE30004EDE3A /* ProfileViewController.swift */,
			);
			path = Profile;
			sourceTree = "<group>";
		};
		CFAD7D472912AE61004EDE3A /* Profile */ = {
			isa = PBXGroup;
			children = (
			);
			path = Profile;
			sourceTree = "<group>";
		};
		CFAD7D482912AE67004EDE3A /* Login */ = {
			isa = PBXGroup;
			children = (
				CFE9549E291433E100591FC9 /* LoginViewModel.swift */,
			);
			path = Login;
			sourceTree = "<group>";
		};
		CFAD7D492912AE6D004EDE3A /* Signup */ = {
			isa = PBXGroup;
			children = (
				CFAD7D4A2912AF11004EDE3A /* SignupViewModel.swift */,
			);
			path = Signup;
			sourceTree = "<group>";
		};
		CFAD7D4E2912B00B004EDE3A /* UseCase */ = {
			isa = PBXGroup;
			children = (
				CFAD7D4F2912B04D004EDE3A /* SignupUseCase.swift */,
				CFE954A0291568C300591FC9 /* LoginUseCase.swift */,
			);
			path = UseCase;
			sourceTree = "<group>";
		};
		CFE9549929140EF800591FC9 /* Network */ = {
			isa = PBXGroup;
			children = (
				CFE954A42915690300591FC9 /* Error */,
				CFAD7D2929125F3F004EDE3A /* HTTPMethod.swift */,
				CFE9549A2914119B00591FC9 /* HTTPHeader.swift */,
				CFE954A2291568E800591FC9 /* SignupValidationState.swift */,
			);
			path = Network;
			sourceTree = "<group>";
		};
		CFE954A42915690300591FC9 /* Error */ = {
			isa = PBXGroup;
			children = (
			);
			path = Error;
			sourceTree = "<group>";
		};
		CFF72211291244B300FB0647 = {
			isa = PBXGroup;
			children = (
				CFE954972913698D00591FC9 /* ReadME.md */,
				CFF7221C291244B300FB0647 /* RxLoginValidataion */,
				CFF7221B291244B300FB0647 /* Products */,
			);
			sourceTree = "<group>";
		};
		CFF7221B291244B300FB0647 /* Products */ = {
			isa = PBXGroup;
			children = (
				CFF7221A291244B300FB0647 /* RxLoginValidataion.app */,
			);
			name = Products;
			sourceTree = "<group>";
		};
		CFF7221C291244B300FB0647 /* RxLoginValidataion */ = {
			isa = PBXGroup;
			children = (
				CFAD7D2829125F1A004EDE3A /* Utility */,
				CFF72235291246FD00FB0647 /* Data */,
				CFF72234291246F600FB0647 /* Domain */,
				CFF72233291246C900FB0647 /* Presenter */,
				CFF72232291246C200FB0647 /* Scene */,
				CFF7221D291244B300FB0647 /* AppDelegate.swift */,
				CFF7221F291244B300FB0647 /* SceneDelegate.swift */,
				CFF72226291244B400FB0647 /* Assets.xcassets */,
				CF9FA7DC2912EFA700D12CA7 /* LaunchScreen.storyboard */,
				CFF7222B291244B400FB0647 /* Info.plist */,
			);
			path = RxLoginValidataion;
			sourceTree = "<group>";
		};
		CFF72232291246C200FB0647 /* Scene */ = {
			isa = PBXGroup;
			children = (
				CFAD7D392912AB4F004EDE3A /* Profile */,
				CFAD7D382912AB31004EDE3A /* Signup */,
				CFAD7D3329128229004EDE3A /* Login */,
			);
			path = Scene;
			sourceTree = "<group>";
		};
		CFF72233291246C900FB0647 /* Presenter */ = {
			isa = PBXGroup;
			children = (
				CFAD7D492912AE6D004EDE3A /* Signup */,
				CFAD7D482912AE67004EDE3A /* Login */,
				CFAD7D472912AE61004EDE3A /* Profile */,
				CFAD7D4C2912AF49004EDE3A /* ViewModelType.swift */,
			);
			path = Presenter;
			sourceTree = "<group>";
		};
		CFF72234291246F600FB0647 /* Domain */ = {
			isa = PBXGroup;
			children = (
				CFAD7D4E2912B00B004EDE3A /* UseCase */,
				CFAD7D2329125294004EDE3A /* Entities */,
				CFF722362912470D00FB0647 /* Network */,
			);
			path = Domain;
			sourceTree = "<group>";
		};
		CFF72235291246FD00FB0647 /* Data */ = {
			isa = PBXGroup;
			children = (
			);
			path = Data;
			sourceTree = "<group>";
		};
		CFF722362912470D00FB0647 /* Network */ = {
			isa = PBXGroup;
			children = (
				CFF722372912471D00FB0647 /* APIService.swift */,
				CFF7223A2912473E00FB0647 /* Endpoint.swift */,
			);
			path = Network;
			sourceTree = "<group>";
		};
/* End PBXGroup section */

/* Begin PBXNativeTarget section */
		CFF72219291244B300FB0647 /* RxLoginValidataion */ = {
			isa = PBXNativeTarget;
			buildConfigurationList = CFF7222E291244B400FB0647 /* Build configuration list for PBXNativeTarget "RxLoginValidataion" */;
			buildPhases = (
				CFF72216291244B300FB0647 /* Sources */,
				CFF72217291244B300FB0647 /* Frameworks */,
				CFF72218291244B300FB0647 /* Resources */,
			);
			buildRules = (
			);
			dependencies = (
			);
			name = RxLoginValidataion;
			packageProductDependencies = (
				CFAD7D30291280A4004EDE3A /* SnapKit */,
				CFAD7D3B2912AC57004EDE3A /* RxCocoa */,
				CFAD7D3D2912AC57004EDE3A /* RxSwift */,
				CFE954A62915A6D900591FC9 /* Toast */,
			);
			productName = RxLoginValidataion;
			productReference = CFF7221A291244B300FB0647 /* RxLoginValidataion.app */;
			productType = "com.apple.product-type.application";
		};
/* End PBXNativeTarget section */

/* Begin PBXProject section */
		CFF72212291244B300FB0647 /* Project object */ = {
			isa = PBXProject;
			attributes = {
				BuildIndependentTargetsInParallel = 1;
				LastSwiftUpdateCheck = 1400;
				LastUpgradeCheck = 1400;
				TargetAttributes = {
					CFF72219291244B300FB0647 = {
						CreatedOnToolsVersion = 14.0.1;
					};
				};
			};
			buildConfigurationList = CFF72215291244B300FB0647 /* Build configuration list for PBXProject "RxLoginValidataion" */;
			compatibilityVersion = "Xcode 14.0";
			developmentRegion = en;
			hasScannedForEncodings = 0;
			knownRegions = (
				en,
				Base,
			);
			mainGroup = CFF72211291244B300FB0647;
			packageReferences = (
				CFAD7D2F291280A4004EDE3A /* XCRemoteSwiftPackageReference "SnapKit" */,
				CFAD7D3A2912AC57004EDE3A /* XCRemoteSwiftPackageReference "RxSwift" */,
				CFE954A52915A6D900591FC9 /* XCRemoteSwiftPackageReference "Toast-Swift" */,
			);
			productRefGroup = CFF7221B291244B300FB0647 /* Products */;
			projectDirPath = "";
			projectRoot = "";
			targets = (
				CFF72219291244B300FB0647 /* RxLoginValidataion */,
			);
		};
/* End PBXProject section */

/* Begin PBXResourcesBuildPhase section */
		CFF72218291244B300FB0647 /* Resources */ = {
			isa = PBXResourcesBuildPhase;
			buildActionMask = 2147483647;
			files = (
				CF9FA7DD2912EFA700D12CA7 /* LaunchScreen.storyboard in Resources */,
				CFF72227291244B400FB0647 /* Assets.xcassets in Resources */,
			);
			runOnlyForDeploymentPostprocessing = 0;
		};
/* End PBXResourcesBuildPhase section */

/* Begin PBXSourcesBuildPhase section */
		CFF72216291244B300FB0647 /* Sources */ = {
			isa = PBXSourcesBuildPhase;
			buildActionMask = 2147483647;
			files = (
				CFAD7D442912AE22004EDE3A /* profileView.swift in Sources */,
				CFAD7D2C29128058004EDE3A /* SignupViewController.swift in Sources */,
				CFE9549F291433E100591FC9 /* LoginViewModel.swift in Sources */,
				CFAD7D4B2912AF11004EDE3A /* SignupViewModel.swift in Sources */,
				CFE9549D291423C400591FC9 /* UserDefaultsKey.swift in Sources */,
				CFAD7D2729125A6D004EDE3A /* ProfileVO.swift in Sources */,
				CFAD7D2529125970004EDE3A /* TokenVO.swift in Sources */,
				CFF7221E291244B300FB0647 /* AppDelegate.swift in Sources */,
				CFAD7D2A29125F3F004EDE3A /* HTTPMethod.swift in Sources */,
				CFAD7D3529128247004EDE3A /* BaseViewController.swift in Sources */,
				CFAD7D402912ACA3004EDE3A /* LoginView.swift in Sources */,
				CFF722382912471D00FB0647 /* APIService.swift in Sources */,
				CFAD7D4D2912AF49004EDE3A /* ViewModelType.swift in Sources */,
				CFF72220291244B300FB0647 /* SceneDelegate.swift in Sources */,
				CFE9549B2914119B00591FC9 /* HTTPHeader.swift in Sources */,
				CF9FA7DB2912B64300D12CA7 /* ColorConstant.swift in Sources */,
				CFE954A3291568E800591FC9 /* SignupValidationState.swift in Sources */,
				CFAD7D2E29128067004EDE3A /* SignupView.swift in Sources */,
				CFAD7D502912B04D004EDE3A /* SignupUseCase.swift in Sources */,
				CFE954A1291568C300591FC9 /* LoginUseCase.swift in Sources */,
				CFAD7D37291283A3004EDE3A /* BaseView.swift in Sources */,
				CFAD7D462912AE30004EDE3A /* ProfileViewController.swift in Sources */,
				CFAD7D422912ACB3004EDE3A /* LoginViewController.swift in Sources */,
				CFF7223B2912473E00FB0647 /* Endpoint.swift in Sources */,
			);
			runOnlyForDeploymentPostprocessing = 0;
		};
/* End PBXSourcesBuildPhase section */

/* Begin XCBuildConfiguration section */
		CFF7222C291244B400FB0647 /* Debug */ = {
			isa = XCBuildConfiguration;
			buildSettings = {
				ALWAYS_SEARCH_USER_PATHS = NO;
				CLANG_ANALYZER_NONNULL = YES;
				CLANG_ANALYZER_NUMBER_OBJECT_CONVERSION = YES_AGGRESSIVE;
				CLANG_CXX_LANGUAGE_STANDARD = "gnu++20";
				CLANG_ENABLE_MODULES = YES;
				CLANG_ENABLE_OBJC_ARC = YES;
				CLANG_ENABLE_OBJC_WEAK = YES;
				CLANG_WARN_BLOCK_CAPTURE_AUTORELEASING = YES;
				CLANG_WARN_BOOL_CONVERSION = YES;
				CLANG_WARN_COMMA = YES;
				CLANG_WARN_CONSTANT_CONVERSION = YES;
				CLANG_WARN_DEPRECATED_OBJC_IMPLEMENTATIONS = YES;
				CLANG_WARN_DIRECT_OBJC_ISA_USAGE = YES_ERROR;
				CLANG_WARN_DOCUMENTATION_COMMENTS = YES;
				CLANG_WARN_EMPTY_BODY = YES;
				CLANG_WARN_ENUM_CONVERSION = YES;
				CLANG_WARN_INFINITE_RECURSION = YES;
				CLANG_WARN_INT_CONVERSION = YES;
				CLANG_WARN_NON_LITERAL_NULL_CONVERSION = YES;
				CLANG_WARN_OBJC_IMPLICIT_RETAIN_SELF = YES;
				CLANG_WARN_OBJC_LITERAL_CONVERSION = YES;
				CLANG_WARN_OBJC_ROOT_CLASS = YES_ERROR;
				CLANG_WARN_QUOTED_INCLUDE_IN_FRAMEWORK_HEADER = YES;
				CLANG_WARN_RANGE_LOOP_ANALYSIS = YES;
				CLANG_WARN_STRICT_PROTOTYPES = YES;
				CLANG_WARN_SUSPICIOUS_MOVE = YES;
				CLANG_WARN_UNGUARDED_AVAILABILITY = YES_AGGRESSIVE;
				CLANG_WARN_UNREACHABLE_CODE = YES;
				CLANG_WARN__DUPLICATE_METHOD_MATCH = YES;
				COPY_PHASE_STRIP = NO;
				DEBUG_INFORMATION_FORMAT = dwarf;
				ENABLE_STRICT_OBJC_MSGSEND = YES;
				ENABLE_TESTABILITY = YES;
				GCC_C_LANGUAGE_STANDARD = gnu11;
				GCC_DYNAMIC_NO_PIC = NO;
				GCC_NO_COMMON_BLOCKS = YES;
				GCC_OPTIMIZATION_LEVEL = 0;
				GCC_PREPROCESSOR_DEFINITIONS = (
					"DEBUG=1",
					"$(inherited)",
				);
				GCC_WARN_64_TO_32_BIT_CONVERSION = YES;
				GCC_WARN_ABOUT_RETURN_TYPE = YES_ERROR;
				GCC_WARN_UNDECLARED_SELECTOR = YES;
				GCC_WARN_UNINITIALIZED_AUTOS = YES_AGGRESSIVE;
				GCC_WARN_UNUSED_FUNCTION = YES;
				GCC_WARN_UNUSED_VARIABLE = YES;
				IPHONEOS_DEPLOYMENT_TARGET = 16.0;
				MTL_ENABLE_DEBUG_INFO = INCLUDE_SOURCE;
				MTL_FAST_MATH = YES;
				ONLY_ACTIVE_ARCH = YES;
				SDKROOT = iphoneos;
				SWIFT_ACTIVE_COMPILATION_CONDITIONS = DEBUG;
				SWIFT_OPTIMIZATION_LEVEL = "-Onone";
			};
			name = Debug;
		};
		CFF7222D291244B400FB0647 /* Release */ = {
			isa = XCBuildConfiguration;
			buildSettings = {
				ALWAYS_SEARCH_USER_PATHS = NO;
				CLANG_ANALYZER_NONNULL = YES;
				CLANG_ANALYZER_NUMBER_OBJECT_CONVERSION = YES_AGGRESSIVE;
				CLANG_CXX_LANGUAGE_STANDARD = "gnu++20";
				CLANG_ENABLE_MODULES = YES;
				CLANG_ENABLE_OBJC_ARC = YES;
				CLANG_ENABLE_OBJC_WEAK = YES;
				CLANG_WARN_BLOCK_CAPTURE_AUTORELEASING = YES;
				CLANG_WARN_BOOL_CONVERSION = YES;
				CLANG_WARN_COMMA = YES;
				CLANG_WARN_CONSTANT_CONVERSION = YES;
				CLANG_WARN_DEPRECATED_OBJC_IMPLEMENTATIONS = YES;
				CLANG_WARN_DIRECT_OBJC_ISA_USAGE = YES_ERROR;
				CLANG_WARN_DOCUMENTATION_COMMENTS = YES;
				CLANG_WARN_EMPTY_BODY = YES;
				CLANG_WARN_ENUM_CONVERSION = YES;
				CLANG_WARN_INFINITE_RECURSION = YES;
				CLANG_WARN_INT_CONVERSION = YES;
				CLANG_WARN_NON_LITERAL_NULL_CONVERSION = YES;
				CLANG_WARN_OBJC_IMPLICIT_RETAIN_SELF = YES;
				CLANG_WARN_OBJC_LITERAL_CONVERSION = YES;
				CLANG_WARN_OBJC_ROOT_CLASS = YES_ERROR;
				CLANG_WARN_QUOTED_INCLUDE_IN_FRAMEWORK_HEADER = YES;
				CLANG_WARN_RANGE_LOOP_ANALYSIS = YES;
				CLANG_WARN_STRICT_PROTOTYPES = YES;
				CLANG_WARN_SUSPICIOUS_MOVE = YES;
				CLANG_WARN_UNGUARDED_AVAILABILITY = YES_AGGRESSIVE;
				CLANG_WARN_UNREACHABLE_CODE = YES;
				CLANG_WARN__DUPLICATE_METHOD_MATCH = YES;
				COPY_PHASE_STRIP = NO;
				DEBUG_INFORMATION_FORMAT = "dwarf-with-dsym";
				ENABLE_NS_ASSERTIONS = NO;
				ENABLE_STRICT_OBJC_MSGSEND = YES;
				GCC_C_LANGUAGE_STANDARD = gnu11;
				GCC_NO_COMMON_BLOCKS = YES;
				GCC_WARN_64_TO_32_BIT_CONVERSION = YES;
				GCC_WARN_ABOUT_RETURN_TYPE = YES_ERROR;
				GCC_WARN_UNDECLARED_SELECTOR = YES;
				GCC_WARN_UNINITIALIZED_AUTOS = YES_AGGRESSIVE;
				GCC_WARN_UNUSED_FUNCTION = YES;
				GCC_WARN_UNUSED_VARIABLE = YES;
				IPHONEOS_DEPLOYMENT_TARGET = 16.0;
				MTL_ENABLE_DEBUG_INFO = NO;
				MTL_FAST_MATH = YES;
				SDKROOT = iphoneos;
				SWIFT_COMPILATION_MODE = wholemodule;
				SWIFT_OPTIMIZATION_LEVEL = "-O";
				VALIDATE_PRODUCT = YES;
			};
			name = Release;
		};
		CFF7222F291244B400FB0647 /* Debug */ = {
			isa = XCBuildConfiguration;
			buildSettings = {
				ASSETCATALOG_COMPILER_APPICON_NAME = AppIcon;
				ASSETCATALOG_COMPILER_GLOBAL_ACCENT_COLOR_NAME = AccentColor;
				CODE_SIGN_STYLE = Automatic;
				CURRENT_PROJECT_VERSION = 1;
				DEVELOPMENT_TEAM = V39QSCSL6T;
				GENERATE_INFOPLIST_FILE = YES;
				INFOPLIST_FILE = RxLoginValidataion/Info.plist;
				INFOPLIST_KEY_UIApplicationSupportsIndirectInputEvents = YES;
				INFOPLIST_KEY_UILaunchStoryboardName = LaunchScreen;
				INFOPLIST_KEY_UISupportedInterfaceOrientations = UIInterfaceOrientationPortrait;
				INFOPLIST_KEY_UISupportedInterfaceOrientations_iPad = "UIInterfaceOrientationLandscapeLeft UIInterfaceOrientationLandscapeRight UIInterfaceOrientationPortrait UIInterfaceOrientationPortraitUpsideDown";
				IPHONEOS_DEPLOYMENT_TARGET = 15.0;
				LD_RUNPATH_SEARCH_PATHS = (
					"$(inherited)",
					"@executable_path/Frameworks",
				);
				MARKETING_VERSION = 1.0;
				PRODUCT_BUNDLE_IDENTIFIER = com.lec.sesac.RxLoginValidataion;
				PRODUCT_NAME = "$(TARGET_NAME)";
				SUPPORTED_PLATFORMS = "iphoneos iphonesimulator";
				SUPPORTS_MACCATALYST = NO;
				SUPPORTS_MAC_DESIGNED_FOR_IPHONE_IPAD = NO;
				SWIFT_EMIT_LOC_STRINGS = YES;
				SWIFT_VERSION = 5.0;
				TARGETED_DEVICE_FAMILY = 1;
			};
			name = Debug;
		};
		CFF72230291244B400FB0647 /* Release */ = {
			isa = XCBuildConfiguration;
			buildSettings = {
				ASSETCATALOG_COMPILER_APPICON_NAME = AppIcon;
				ASSETCATALOG_COMPILER_GLOBAL_ACCENT_COLOR_NAME = AccentColor;
				CODE_SIGN_STYLE = Automatic;
				CURRENT_PROJECT_VERSION = 1;
				DEVELOPMENT_TEAM = V39QSCSL6T;
				GENERATE_INFOPLIST_FILE = YES;
				INFOPLIST_FILE = RxLoginValidataion/Info.plist;
				INFOPLIST_KEY_UIApplicationSupportsIndirectInputEvents = YES;
				INFOPLIST_KEY_UILaunchStoryboardName = LaunchScreen;
				INFOPLIST_KEY_UISupportedInterfaceOrientations = UIInterfaceOrientationPortrait;
				INFOPLIST_KEY_UISupportedInterfaceOrientations_iPad = "UIInterfaceOrientationLandscapeLeft UIInterfaceOrientationLandscapeRight UIInterfaceOrientationPortrait UIInterfaceOrientationPortraitUpsideDown";
				IPHONEOS_DEPLOYMENT_TARGET = 15.0;
				LD_RUNPATH_SEARCH_PATHS = (
					"$(inherited)",
					"@executable_path/Frameworks",
				);
				MARKETING_VERSION = 1.0;
				PRODUCT_BUNDLE_IDENTIFIER = com.lec.sesac.RxLoginValidataion;
				PRODUCT_NAME = "$(TARGET_NAME)";
				SUPPORTED_PLATFORMS = "iphoneos iphonesimulator";
				SUPPORTS_MACCATALYST = NO;
				SUPPORTS_MAC_DESIGNED_FOR_IPHONE_IPAD = NO;
				SWIFT_EMIT_LOC_STRINGS = YES;
				SWIFT_VERSION = 5.0;
				TARGETED_DEVICE_FAMILY = 1;
			};
			name = Release;
		};
/* End XCBuildConfiguration section */

/* Begin XCConfigurationList section */
		CFF72215291244B300FB0647 /* Build configuration list for PBXProject "RxLoginValidataion" */ = {
			isa = XCConfigurationList;
			buildConfigurations = (
				CFF7222C291244B400FB0647 /* Debug */,
				CFF7222D291244B400FB0647 /* Release */,
			);
			defaultConfigurationIsVisible = 0;
			defaultConfigurationName = Release;
		};
		CFF7222E291244B400FB0647 /* Build configuration list for PBXNativeTarget "RxLoginValidataion" */ = {
			isa = XCConfigurationList;
			buildConfigurations = (
				CFF7222F291244B400FB0647 /* Debug */,
				CFF72230291244B400FB0647 /* Release */,
			);
			defaultConfigurationIsVisible = 0;
			defaultConfigurationName = Release;
		};
/* End XCConfigurationList section */

/* Begin XCRemoteSwiftPackageReference section */
		CFAD7D2F291280A4004EDE3A /* XCRemoteSwiftPackageReference "SnapKit" */ = {
			isa = XCRemoteSwiftPackageReference;
			repositoryURL = "https://github.com/SnapKit/SnapKit.git";
			requirement = {
				kind = upToNextMajorVersion;
				minimumVersion = 5.0.0;
			};
		};
		CFAD7D3A2912AC57004EDE3A /* XCRemoteSwiftPackageReference "RxSwift" */ = {
			isa = XCRemoteSwiftPackageReference;
			repositoryURL = "https://github.com/ReactiveX/RxSwift";
			requirement = {
				kind = upToNextMajorVersion;
				minimumVersion = 6.0.0;
			};
		};
		CFE954A52915A6D900591FC9 /* XCRemoteSwiftPackageReference "Toast-Swift" */ = {
			isa = XCRemoteSwiftPackageReference;
			repositoryURL = "https://github.com/scalessec/Toast-Swift.git";
			requirement = {
				kind = upToNextMajorVersion;
				minimumVersion = 5.0.0;
			};
		};
/* End XCRemoteSwiftPackageReference section */

/* Begin XCSwiftPackageProductDependency section */
		CFAD7D30291280A4004EDE3A /* SnapKit */ = {
			isa = XCSwiftPackageProductDependency;
			package = CFAD7D2F291280A4004EDE3A /* XCRemoteSwiftPackageReference "SnapKit" */;
			productName = SnapKit;
		};
		CFAD7D3B2912AC57004EDE3A /* RxCocoa */ = {
			isa = XCSwiftPackageProductDependency;
			package = CFAD7D3A2912AC57004EDE3A /* XCRemoteSwiftPackageReference "RxSwift" */;
			productName = RxCocoa;
		};
		CFAD7D3D2912AC57004EDE3A /* RxSwift */ = {
			isa = XCSwiftPackageProductDependency;
			package = CFAD7D3A2912AC57004EDE3A /* XCRemoteSwiftPackageReference "RxSwift" */;
			productName = RxSwift;
		};
		CFE954A62915A6D900591FC9 /* Toast */ = {
			isa = XCSwiftPackageProductDependency;
			package = CFE954A52915A6D900591FC9 /* XCRemoteSwiftPackageReference "Toast-Swift" */;
			productName = Toast;
		};
/* End XCSwiftPackageProductDependency section */
	};
	rootObject = CFF72212291244B300FB0647 /* Project object */;
}
